// !$*UTF8*$!
{
	archiveVersion = 1;
	classes = {
	};
	objectVersion = 50;
	objects = {

/* Begin PBXBuildFile section */
		11ACA4AA24E38BA700BAA044 /* AppDelegate.swift in Sources */ = {isa = PBXBuildFile; fileRef = 11ACA4A924E38BA700BAA044 /* AppDelegate.swift */; };
		11ACA4AC24E38BA700BAA044 /* SceneDelegate.swift in Sources */ = {isa = PBXBuildFile; fileRef = 11ACA4AB24E38BA700BAA044 /* SceneDelegate.swift */; };
		11ACA4AE24E38BA700BAA044 /* ViewController.swift in Sources */ = {isa = PBXBuildFile; fileRef = 11ACA4AD24E38BA700BAA044 /* ViewController.swift */; };
		11ACA4B124E38BA700BAA044 /* Main.storyboard in Resources */ = {isa = PBXBuildFile; fileRef = 11ACA4AF24E38BA700BAA044 /* Main.storyboard */; };
		11ACA4B424E38BA700BAA044 /* JenkinsTest.xcdatamodeld in Sources */ = {isa = PBXBuildFile; fileRef = 11ACA4B224E38BA700BAA044 /* JenkinsTest.xcdatamodeld */; };
		11ACA4B624E38BAD00BAA044 /* Assets.xcassets in Resources */ = {isa = PBXBuildFile; fileRef = 11ACA4B524E38BAD00BAA044 /* Assets.xcassets */; };
		11ACA4B924E38BAD00BAA044 /* LaunchScreen.storyboard in Resources */ = {isa = PBXBuildFile; fileRef = 11ACA4B724E38BAD00BAA044 /* LaunchScreen.storyboard */; };
		11ACA4C424E38BAD00BAA044 /* JenkinsTestTests.swift in Sources */ = {isa = PBXBuildFile; fileRef = 11ACA4C324E38BAD00BAA044 /* JenkinsTestTests.swift */; };
		11ACA4CF24E38BAD00BAA044 /* JenkinsTestUITests.swift in Sources */ = {isa = PBXBuildFile; fileRef = 11ACA4CE24E38BAD00BAA044 /* JenkinsTestUITests.swift */; };
/* End PBXBuildFile section */

/* Begin PBXContainerItemProxy section */
		11ACA4C024E38BAD00BAA044 /* PBXContainerItemProxy */ = {
			isa = PBXContainerItemProxy;
			containerPortal = 11ACA49E24E38BA700BAA044 /* Project object */;
			proxyType = 1;
			remoteGlobalIDString = 11ACA4A524E38BA700BAA044;
			remoteInfo = JenkinsTest;
		};
		11ACA4CB24E38BAD00BAA044 /* PBXContainerItemProxy */ = {
			isa = PBXContainerItemProxy;
			containerPortal = 11ACA49E24E38BA700BAA044 /* Project object */;
			proxyType = 1;
			remoteGlobalIDString = 11ACA4A524E38BA700BAA044;
			remoteInfo = JenkinsTest;
		};
/* End PBXContainerItemProxy section */

/* Begin PBXFileReference section */
		11ACA4A624E38BA700BAA044 /* JenkinsTest.app */ = {isa = PBXFileReference; explicitFileType = wrapper.application; includeInIndex = 0; path = JenkinsTest.app; sourceTree = BUILT_PRODUCTS_DIR; };
		11ACA4A924E38BA700BAA044 /* AppDelegate.swift */ = {isa = PBXFileReference; lastKnownFileType = sourcecode.swift; path = AppDelegate.swift; sourceTree = "<group>"; };
		11ACA4AB24E38BA700BAA044 /* SceneDelegate.swift */ = {isa = PBXFileReference; lastKnownFileType = sourcecode.swift; path = SceneDelegate.swift; sourceTree = "<group>"; };
		11ACA4AD24E38BA700BAA044 /* ViewController.swift */ = {isa = PBXFileReference; lastKnownFileType = sourcecode.swift; path = ViewController.swift; sourceTree = "<group>"; };
		11ACA4B024E38BA700BAA044 /* Base */ = {isa = PBXFileReference; lastKnownFileType = file.storyboard; name = Base; path = Base.lproj/Main.storyboard; sourceTree = "<group>"; };
		11ACA4B324E38BA700BAA044 /* JenkinsTest.xcdatamodel */ = {isa = PBXFileReference; lastKnownFileType = wrapper.xcdatamodel; path = JenkinsTest.xcdatamodel; sourceTree = "<group>"; };
		11ACA4B524E38BAD00BAA044 /* Assets.xcassets */ = {isa = PBXFileReference; lastKnownFileType = folder.assetcatalog; path = Assets.xcassets; sourceTree = "<group>"; };
		11ACA4B824E38BAD00BAA044 /* Base */ = {isa = PBXFileReference; lastKnownFileType = file.storyboard; name = Base; path = Base.lproj/LaunchScreen.storyboard; sourceTree = "<group>"; };
		11ACA4BA24E38BAD00BAA044 /* Info.plist */ = {isa = PBXFileReference; lastKnownFileType = text.plist.xml; path = Info.plist; sourceTree = "<group>"; };
		11ACA4BF24E38BAD00BAA044 /* JenkinsTestTests.xctest */ = {isa = PBXFileReference; explicitFileType = wrapper.cfbundle; includeInIndex = 0; path = JenkinsTestTests.xctest; sourceTree = BUILT_PRODUCTS_DIR; };
		11ACA4C324E38BAD00BAA044 /* JenkinsTestTests.swift */ = {isa = PBXFileReference; lastKnownFileType = sourcecode.swift; path = JenkinsTestTests.swift; sourceTree = "<group>"; };
		11ACA4C524E38BAD00BAA044 /* Info.plist */ = {isa = PBXFileReference; lastKnownFileType = text.plist.xml; path = Info.plist; sourceTree = "<group>"; };
		11ACA4CA24E38BAD00BAA044 /* JenkinsTestUITests.xctest */ = {isa = PBXFileReference; explicitFileType = wrapper.cfbundle; includeInIndex = 0; path = JenkinsTestUITests.xctest; sourceTree = BUILT_PRODUCTS_DIR; };
		11ACA4CE24E38BAD00BAA044 /* JenkinsTestUITests.swift */ = {isa = PBXFileReference; lastKnownFileType = sourcecode.swift; path = JenkinsTestUITests.swift; sourceTree = "<group>"; };
		11ACA4D024E38BAD00BAA044 /* Info.plist */ = {isa = PBXFileReference; lastKnownFileType = text.plist.xml; path = Info.plist; sourceTree = "<group>"; };
/* End PBXFileReference section */

/* Begin PBXFrameworksBuildPhase section */
		11ACA4A324E38BA700BAA044 /* Frameworks */ = {
			isa = PBXFrameworksBuildPhase;
			buildActionMask = 2147483647;
			files = (
			);
			runOnlyForDeploymentPostprocessing = 0;
		};
		11ACA4BC24E38BAD00BAA044 /* Frameworks */ = {
			isa = PBXFrameworksBuildPhase;
			buildActionMask = 2147483647;
			files = (
			);
			runOnlyForDeploymentPostprocessing = 0;
		};
		11ACA4C724E38BAD00BAA044 /* Frameworks */ = {
			isa = PBXFrameworksBuildPhase;
			buildActionMask = 2147483647;
			files = (
			);
			runOnlyForDeploymentPostprocessing = 0;
		};
/* End PBXFrameworksBuildPhase section */

/* Begin PBXGroup section */
		11ACA49D24E38BA700BAA044 = {
			isa = PBXGroup;
			children = (
				11ACA4A824E38BA700BAA044 /* JenkinsTest */,
				11ACA4C224E38BAD00BAA044 /* JenkinsTestTests */,
				11ACA4CD24E38BAD00BAA044 /* JenkinsTestUITests */,
				11ACA4A724E38BA700BAA044 /* Products */,
			);
			sourceTree = "<group>";
		};
		11ACA4A724E38BA700BAA044 /* Products */ = {
			isa = PBXGroup;
			children = (
				11ACA4A624E38BA700BAA044 /* JenkinsTest.app */,
				11ACA4BF24E38BAD00BAA044 /* JenkinsTestTests.xctest */,
				11ACA4CA24E38BAD00BAA044 /* JenkinsTestUITests.xctest */,
			);
			name = Products;
			sourceTree = "<group>";
		};
		11ACA4A824E38BA700BAA044 /* JenkinsTest */ = {
			isa = PBXGroup;
			children = (
				11ACA4A924E38BA700BAA044 /* AppDelegate.swift */,
				11ACA4AB24E38BA700BAA044 /* SceneDelegate.swift */,
				11ACA4AD24E38BA700BAA044 /* ViewController.swift */,
				11ACA4AF24E38BA700BAA044 /* Main.storyboard */,
				11ACA4B524E38BAD00BAA044 /* Assets.xcassets */,
				11ACA4B724E38BAD00BAA044 /* LaunchScreen.storyboard */,
				11ACA4BA24E38BAD00BAA044 /* Info.plist */,
				11ACA4B224E38BA700BAA044 /* JenkinsTest.xcdatamodeld */,
			);
			path = JenkinsTest;
			sourceTree = "<group>";
		};
		11ACA4C224E38BAD00BAA044 /* JenkinsTestTests */ = {
			isa = PBXGroup;
			children = (
				11ACA4C324E38BAD00BAA044 /* JenkinsTestTests.swift */,
				11ACA4C524E38BAD00BAA044 /* Info.plist */,
			);
			path = JenkinsTestTests;
			sourceTree = "<group>";
		};
		11ACA4CD24E38BAD00BAA044 /* JenkinsTestUITests */ = {
			isa = PBXGroup;
			children = (
				11ACA4CE24E38BAD00BAA044 /* JenkinsTestUITests.swift */,
				11ACA4D024E38BAD00BAA044 /* Info.plist */,
			);
			path = JenkinsTestUITests;
			sourceTree = "<group>";
		};
/* End PBXGroup section */

/* Begin PBXNativeTarget section */
		11ACA4A524E38BA700BAA044 /* JenkinsTest */ = {
			isa = PBXNativeTarget;
			buildConfigurationList = 11ACA4D324E38BAD00BAA044 /* Build configuration list for PBXNativeTarget "JenkinsTest" */;
			buildPhases = (
				11ACA4A224E38BA700BAA044 /* Sources */,
				11ACA4A324E38BA700BAA044 /* Frameworks */,
				11ACA4A424E38BA700BAA044 /* Resources */,
			);
			buildRules = (
			);
			dependencies = (
			);
			name = JenkinsTest;
			productName = JenkinsTest;
			productReference = 11ACA4A624E38BA700BAA044 /* JenkinsTest.app */;
			productType = "com.apple.product-type.application";
		};
		11ACA4BE24E38BAD00BAA044 /* JenkinsTestTests */ = {
			isa = PBXNativeTarget;
			buildConfigurationList = 11ACA4D624E38BAD00BAA044 /* Build configuration list for PBXNativeTarget "JenkinsTestTests" */;
			buildPhases = (
				11ACA4BB24E38BAD00BAA044 /* Sources */,
				11ACA4BC24E38BAD00BAA044 /* Frameworks */,
				11ACA4BD24E38BAD00BAA044 /* Resources */,
			);
			buildRules = (
			);
			dependencies = (
				11ACA4C124E38BAD00BAA044 /* PBXTargetDependency */,
			);
			name = JenkinsTestTests;
			productName = JenkinsTestTests;
			productReference = 11ACA4BF24E38BAD00BAA044 /* JenkinsTestTests.xctest */;
			productType = "com.apple.product-type.bundle.unit-test";
		};
		11ACA4C924E38BAD00BAA044 /* JenkinsTestUITests */ = {
			isa = PBXNativeTarget;
			buildConfigurationList = 11ACA4D924E38BAD00BAA044 /* Build configuration list for PBXNativeTarget "JenkinsTestUITests" */;
			buildPhases = (
				11ACA4C624E38BAD00BAA044 /* Sources */,
				11ACA4C724E38BAD00BAA044 /* Frameworks */,
				11ACA4C824E38BAD00BAA044 /* Resources */,
			);
			buildRules = (
			);
			dependencies = (
				11ACA4CC24E38BAD00BAA044 /* PBXTargetDependency */,
			);
			name = JenkinsTestUITests;
			productName = JenkinsTestUITests;
			productReference = 11ACA4CA24E38BAD00BAA044 /* JenkinsTestUITests.xctest */;
			productType = "com.apple.product-type.bundle.ui-testing";
		};
/* End PBXNativeTarget section */

/* Begin PBXProject section */
		11ACA49E24E38BA700BAA044 /* Project object */ = {
			isa = PBXProject;
			attributes = {
				LastSwiftUpdateCheck = 1130;
				LastUpgradeCheck = 1130;
				ORGANIZATIONNAME = vikeshApps;
				TargetAttributes = {
					11ACA4A524E38BA700BAA044 = {
						CreatedOnToolsVersion = 11.3.1;
					};
					11ACA4BE24E38BAD00BAA044 = {
						CreatedOnToolsVersion = 11.3.1;
						TestTargetID = 11ACA4A524E38BA700BAA044;
					};
					11ACA4C924E38BAD00BAA044 = {
						CreatedOnToolsVersion = 11.3.1;
						TestTargetID = 11ACA4A524E38BA700BAA044;
					};
				};
			};
			buildConfigurationList = 11ACA4A124E38BA700BAA044 /* Build configuration list for PBXProject "JenkinsTest" */;
			compatibilityVersion = "Xcode 9.3";
			developmentRegion = en;
			hasScannedForEncodings = 0;
			knownRegions = (
				en,
				Base,
			);
			mainGroup = 11ACA49D24E38BA700BAA044;
			productRefGroup = 11ACA4A724E38BA700BAA044 /* Products */;
			projectDirPath = "";
			projectRoot = "";
			targets = (
				11ACA4A524E38BA700BAA044 /* JenkinsTest */,
				11ACA4BE24E38BAD00BAA044 /* JenkinsTestTests */,
				11ACA4C924E38BAD00BAA044 /* JenkinsTestUITests */,
			);
		};
/* End PBXProject section */

/* Begin PBXResourcesBuildPhase section */
		11ACA4A424E38BA700BAA044 /* Resources */ = {
			isa = PBXResourcesBuildPhase;
			buildActionMask = 2147483647;
			files = (
				11ACA4B924E38BAD00BAA044 /* LaunchScreen.storyboard in Resources */,
				11ACA4B624E38BAD00BAA044 /* Assets.xcassets in Resources */,
				11ACA4B124E38BA700BAA044 /* Main.storyboard in Resources */,
			);
			runOnlyForDeploymentPostprocessing = 0;
		};
		11ACA4BD24E38BAD00BAA044 /* Resources */ = {
			isa = PBXResourcesBuildPhase;
			buildActionMask = 2147483647;
			files = (
			);
			runOnlyForDeploymentPostprocessing = 0;
		};
		11ACA4C824E38BAD00BAA044 /* Resources */ = {
			isa = PBXResourcesBuildPhase;
			buildActionMask = 2147483647;
			files = (
			);
			runOnlyForDeploymentPostprocessing = 0;
		};
/* End PBXResourcesBuildPhase section */

/* Begin PBXSourcesBuildPhase section */
		11ACA4A224E38BA700BAA044 /* Sources */ = {
			isa = PBXSourcesBuildPhase;
			buildActionMask = 2147483647;
			files = (
				11ACA4AE24E38BA700BAA044 /* ViewController.swift in Sources */,
				11ACA4AA24E38BA700BAA044 /* AppDelegate.swift in Sources */,
				11ACA4B424E38BA700BAA044 /* JenkinsTest.xcdatamodeld in Sources */,
				11ACA4AC24E38BA700BAA044 /* SceneDelegate.swift in Sources */,
			);
			runOnlyForDeploymentPostprocessing = 0;
		};
		11ACA4BB24E38BAD00BAA044 /* Sources */ = {
			isa = PBXSourcesBuildPhase;
			buildActionMask = 2147483647;
			files = (
				11ACA4C424E38BAD00BAA044 /* JenkinsTestTests.swift in Sources */,
			);
			runOnlyForDeploymentPostprocessing = 0;
		};
		11ACA4C624E38BAD00BAA044 /* Sources */ = {
			isa = PBXSourcesBuildPhase;
			buildActionMask = 2147483647;
			files = (
				11ACA4CF24E38BAD00BAA044 /* JenkinsTestUITests.swift in Sources */,
			);
			runOnlyForDeploymentPostprocessing = 0;
		};
/* End PBXSourcesBuildPhase section */

/* Begin PBXTargetDependency section */
		11ACA4C124E38BAD00BAA044 /* PBXTargetDependency */ = {
			isa = PBXTargetDependency;
			target = 11ACA4A524E38BA700BAA044 /* JenkinsTest */;
			targetProxy = 11ACA4C024E38BAD00BAA044 /* PBXContainerItemProxy */;
		};
		11ACA4CC24E38BAD00BAA044 /* PBXTargetDependency */ = {
			isa = PBXTargetDependency;
			target = 11ACA4A524E38BA700BAA044 /* JenkinsTest */;
			targetProxy = 11ACA4CB24E38BAD00BAA044 /* PBXContainerItemProxy */;
		};
/* End PBXTargetDependency section */

/* Begin PBXVariantGroup section */
		11ACA4AF24E38BA700BAA044 /* Main.storyboard */ = {
			isa = PBXVariantGroup;
			children = (
				11ACA4B024E38BA700BAA044 /* Base */,
			);
			name = Main.storyboard;
			sourceTree = "<group>";
		};
		11ACA4B724E38BAD00BAA044 /* LaunchScreen.storyboard */ = {
			isa = PBXVariantGroup;
			children = (
				11ACA4B824E38BAD00BAA044 /* Base */,
			);
			name = LaunchScreen.storyboard;
			sourceTree = "<group>";
		};
/* End PBXVariantGroup section */

/* Begin XCBuildConfiguration section */
		11ACA4D124E38BAD00BAA044 /* Debug */ = {
			isa = XCBuildConfiguration;
			buildSettings = {
				ALWAYS_SEARCH_USER_PATHS = NO;
				CLANG_ANALYZER_NONNULL = YES;
				CLANG_ANALYZER_NUMBER_OBJECT_CONVERSION = YES_AGGRESSIVE;
				CLANG_CXX_LANGUAGE_STANDARD = "gnu++14";
				CLANG_CXX_LIBRARY = "libc++";
				CLANG_ENABLE_MODULES = YES;
				CLANG_ENABLE_OBJC_ARC = YES;
				CLANG_ENABLE_OBJC_WEAK = YES;
				CLANG_WARN_BLOCK_CAPTURE_AUTORELEASING = YES;
				CLANG_WARN_BOOL_CONVERSION = YES;
				CLANG_WARN_COMMA = YES;
				CLANG_WARN_CONSTANT_CONVERSION = YES;
				CLANG_WARN_DEPRECATED_OBJC_IMPLEMENTATIONS = YES;
				CLANG_WARN_DIRECT_OBJC_ISA_USAGE = YES_ERROR;
				CLANG_WARN_DOCUMENTATION_COMMENTS = YES;
				CLANG_WARN_EMPTY_BODY = YES;
				CLANG_WARN_ENUM_CONVERSION = YES;
				CLANG_WARN_INFINITE_RECURSION = YES;
				CLANG_WARN_INT_CONVERSION = YES;
				CLANG_WARN_NON_LITERAL_NULL_CONVERSION = YES;
				CLANG_WARN_OBJC_IMPLICIT_RETAIN_SELF = YES;
				CLANG_WARN_OBJC_LITERAL_CONVERSION = YES;
				CLANG_WARN_OBJC_ROOT_CLASS = YES_ERROR;
				CLANG_WARN_RANGE_LOOP_ANALYSIS = YES;
				CLANG_WARN_STRICT_PROTOTYPES = YES;
				CLANG_WARN_SUSPICIOUS_MOVE = YES;
				CLANG_WARN_UNGUARDED_AVAILABILITY = YES_AGGRESSIVE;
				CLANG_WARN_UNREACHABLE_CODE = YES;
				CLANG_WARN__DUPLICATE_METHOD_MATCH = YES;
				COPY_PHASE_STRIP = NO;
				DEBUG_INFORMATION_FORMAT = dwarf;
				ENABLE_STRICT_OBJC_MSGSEND = YES;
				ENABLE_TESTABILITY = YES;
				GCC_C_LANGUAGE_STANDARD = gnu11;
				GCC_DYNAMIC_NO_PIC = NO;
				GCC_NO_COMMON_BLOCKS = YES;
				GCC_OPTIMIZATION_LEVEL = 0;
				GCC_PREPROCESSOR_DEFINITIONS = (
					"DEBUG=1",
					"$(inherited)",
				);
				GCC_WARN_64_TO_32_BIT_CONVERSION = YES;
				GCC_WARN_ABOUT_RETURN_TYPE = YES_ERROR;
				GCC_WARN_UNDECLARED_SELECTOR = YES;
				GCC_WARN_UNINITIALIZED_AUTOS = YES_AGGRESSIVE;
				GCC_WARN_UNUSED_FUNCTION = YES;
				GCC_WARN_UNUSED_VARIABLE = YES;
				IPHONEOS_DEPLOYMENT_TARGET = 13.2;
				MTL_ENABLE_DEBUG_INFO = INCLUDE_SOURCE;
				MTL_FAST_MATH = YES;
				ONLY_ACTIVE_ARCH = YES;
				SDKROOT = iphoneos;
				SWIFT_ACTIVE_COMPILATION_CONDITIONS = DEBUG;
				SWIFT_OPTIMIZATION_LEVEL = "-Onone";
			};
			name = Debug;
		};
		11ACA4D224E38BAD00BAA044 /* Release */ = {
			isa = XCBuildConfiguration;
			buildSettings = {
				ALWAYS_SEARCH_USER_PATHS = NO;
				CLANG_ANALYZER_NONNULL = YES;
				CLANG_ANALYZER_NUMBER_OBJECT_CONVERSION = YES_AGGRESSIVE;
				CLANG_CXX_LANGUAGE_STANDARD = "gnu++14";
				CLANG_CXX_LIBRARY = "libc++";
				CLANG_ENABLE_MODULES = YES;
				CLANG_ENABLE_OBJC_ARC = YES;
				CLANG_ENABLE_OBJC_WEAK = YES;
				CLANG_WARN_BLOCK_CAPTURE_AUTORELEASING = YES;
				CLANG_WARN_BOOL_CONVERSION = YES;
				CLANG_WARN_COMMA = YES;
				CLANG_WARN_CONSTANT_CONVERSION = YES;
				CLANG_WARN_DEPRECATED_OBJC_IMPLEMENTATIONS = YES;
				CLANG_WARN_DIRECT_OBJC_ISA_USAGE = YES_ERROR;
				CLANG_WARN_DOCUMENTATION_COMMENTS = YES;
				CLANG_WARN_EMPTY_BODY = YES;
				CLANG_WARN_ENUM_CONVERSION = YES;
				CLANG_WARN_INFINITE_RECURSION = YES;
				CLANG_WARN_INT_CONVERSION = YES;
				CLANG_WARN_NON_LITERAL_NULL_CONVERSION = YES;
				CLANG_WARN_OBJC_IMPLICIT_RETAIN_SELF = YES;
				CLANG_WARN_OBJC_LITERAL_CONVERSION = YES;
				CLANG_WARN_OBJC_ROOT_CLASS = YES_ERROR;
				CLANG_WARN_RANGE_LOOP_ANALYSIS = YES;
				CLANG_WARN_STRICT_PROTOTYPES = YES;
				CLANG_WARN_SUSPICIOUS_MOVE = YES;
				CLANG_WARN_UNGUARDED_AVAILABILITY = YES_AGGRESSIVE;
				CLANG_WARN_UNREACHABLE_CODE = YES;
				CLANG_WARN__DUPLICATE_METHOD_MATCH = YES;
				COPY_PHASE_STRIP = NO;
				DEBUG_INFORMATION_FORMAT = "dwarf-with-dsym";
				ENABLE_NS_ASSERTIONS = NO;
				ENABLE_STRICT_OBJC_MSGSEND = YES;
				GCC_C_LANGUAGE_STANDARD = gnu11;
				GCC_NO_COMMON_BLOCKS = YES;
				GCC_WARN_64_TO_32_BIT_CONVERSION = YES;
				GCC_WARN_ABOUT_RETURN_TYPE = YES_ERROR;
				GCC_WARN_UNDECLARED_SELECTOR = YES;
				GCC_WARN_UNINITIALIZED_AUTOS = YES_AGGRESSIVE;
				GCC_WARN_UNUSED_FUNCTION = YES;
				GCC_WARN_UNUSED_VARIABLE = YES;
				IPHONEOS_DEPLOYMENT_TARGET = 13.2;
				MTL_ENABLE_DEBUG_INFO = NO;
				MTL_FAST_MATH = YES;
				SDKROOT = iphoneos;
				SWIFT_COMPILATION_MODE = wholemodule;
				SWIFT_OPTIMIZATION_LEVEL = "-O";
				VALIDATE_PRODUCT = YES;
			};
			name = Release;
		};
		11ACA4D424E38BAD00BAA044 /* Debug */ = {
			isa = XCBuildConfiguration;
			buildSettings = {
				ASSETCATALOG_COMPILER_APPICON_NAME = AppIcon;
				CODE_SIGN_STYLE = Automatic;
				DEVELOPMENT_TEAM = 74TUC99U3V;
				INFOPLIST_FILE = JenkinsTest/Info.plist;
				LD_RUNPATH_SEARCH_PATHS = (
					"$(inherited)",
					"@executable_path/Frameworks",
				);
				PRODUCT_BUNDLE_IDENTIFIER = com.Jenkins.code.JenkinsTest;
				PRODUCT_NAME = "$(TARGET_NAME)";
				SWIFT_VERSION = 5.0;
				TARGETED_DEVICE_FAMILY = "1,2";
			};
			name = Debug;
		};
		11ACA4D524E38BAD00BAA044 /* Release */ = {
			isa = XCBuildConfiguration;
			buildSettings = {
				ASSETCATALOG_COMPILER_APPICON_NAME = AppIcon;
				CODE_SIGN_STYLE = Automatic;
				DEVELOPMENT_TEAM = 74TUC99U3V;
				INFOPLIST_FILE = JenkinsTest/Info.plist;
				LD_RUNPATH_SEARCH_PATHS = (
					"$(inherited)",
					"@executable_path/Frameworks",
				);
				PRODUCT_BUNDLE_IDENTIFIER = com.Jenkins.code.JenkinsTest;
				PRODUCT_NAME = "$(TARGET_NAME)";
				SWIFT_VERSION = 5.0;
				TARGETED_DEVICE_FAMILY = "1,2";
			};
			name = Release;
		};
		11ACA4D724E38BAD00BAA044 /* Debug */ = {
			isa = XCBuildConfiguration;
			buildSettings = {
				ALWAYS_EMBED_SWIFT_STANDARD_LIBRARIES = YES;
				BUNDLE_LOADER = "$(TEST_HOST)";
				CODE_SIGN_STYLE = Automatic;
				DEVELOPMENT_TEAM = 74TUC99U3V;
				INFOPLIST_FILE = JenkinsTestTests/Info.plist;
				IPHONEOS_DEPLOYMENT_TARGET = 13.2;
				LD_RUNPATH_SEARCH_PATHS = (
					"$(inherited)",
					"@executable_path/Frameworks",
					"@loader_path/Frameworks",
				);
				PRODUCT_BUNDLE_IDENTIFIER = com.Jenkins.code.JenkinsTestTests;
				PRODUCT_NAME = "$(TARGET_NAME)";
				SWIFT_VERSION = 5.0;
				TARGETED_DEVICE_FAMILY = "1,2";
				TEST_HOST = "$(BUILT_PRODUCTS_DIR)/JenkinsTest.app/JenkinsTest";
			};
			name = Debug;
		};
		11ACA4D824E38BAD00BAA044 /* Release */ = {
			isa = XCBuildConfiguration;
			buildSettings = {
				ALWAYS_EMBED_SWIFT_STANDARD_LIBRARIES = YES;
				BUNDLE_LOADER = "$(TEST_HOST)";
				CODE_SIGN_STYLE = Automatic;
				DEVELOPMENT_TEAM = 74TUC99U3V;
				INFOPLIST_FILE = JenkinsTestTests/Info.plist;
				IPHONEOS_DEPLOYMENT_TARGET = 13.2;
				LD_RUNPATH_SEARCH_PATHS = (
					"$(inherited)",
					"@executable_path/Frameworks",
					"@loader_path/Frameworks",
				);
				PRODUCT_BUNDLE_IDENTIFIER = com.Jenkins.code.JenkinsTestTests;
				PRODUCT_NAME = "$(TARGET_NAME)";
				SWIFT_VERSION = 5.0;
				TARGETED_DEVICE_FAMILY = "1,2";
				TEST_HOST = "$(BUILT_PRODUCTS_DIR)/JenkinsTest.app/JenkinsTest";
			};
			name = Release;
		};
		11ACA4DA24E38BAD00BAA044 /* Debug */ = {
			isa = XCBuildConfiguration;
			buildSettings = {
				ALWAYS_EMBED_SWIFT_STANDARD_LIBRARIES = YES;
				CODE_SIGN_STYLE = Automatic;
				DEVELOPMENT_TEAM = 74TUC99U3V;
				INFOPLIST_FILE = JenkinsTestUITests/Info.plist;
				LD_RUNPATH_SEARCH_PATHS = (
					"$(inherited)",
					"@executable_path/Frameworks",
					"@loader_path/Frameworks",
				);
				PRODUCT_BUNDLE_IDENTIFIER = com.Jenkins.code.JenkinsTestUITests;
				PRODUCT_NAME = "$(TARGET_NAME)";
				SWIFT_VERSION = 5.0;
				TARGETED_DEVICE_FAMILY = "1,2";
				TEST_TARGET_NAME = JenkinsTest;
			};
			name = Debug;
		};
		11ACA4DB24E38BAD00BAA044 /* Release */ = {
			isa = XCBuildConfiguration;
			buildSettings = {
				ALWAYS_EMBED_SWIFT_STANDARD_LIBRARIES = YES;
				CODE_SIGN_STYLE = Automatic;
				DEVELOPMENT_TEAM = 74TUC99U3V;
				INFOPLIST_FILE = JenkinsTestUITests/Info.plist;
				LD_RUNPATH_SEARCH_PATHS = (
					"$(inherited)",
					"@executable_path/Frameworks",
					"@loader_path/Frameworks",
				);
				PRODUCT_BUNDLE_IDENTIFIER = com.Jenkins.code.JenkinsTestUITests;
				PRODUCT_NAME = "$(TARGET_NAME)";
				SWIFT_VERSION = 5.0;
				TARGETED_DEVICE_FAMILY = "1,2";
				TEST_TARGET_NAME = JenkinsTest;
			};
			name = Release;
		};
/* End XCBuildConfiguration section */

/* Begin XCConfigurationList section */
		11ACA4A124E38BA700BAA044 /* Build configuration list for PBXProject "JenkinsTest" */ = {
			isa = XCConfigurationList;
			buildConfigurations = (
				11ACA4D124E38BAD00BAA044 /* Debug */,
				11ACA4D224E38BAD00BAA044 /* Release */,
			);
			defaultConfigurationIsVisible = 0;
			defaultConfigurationName = Release;
		};
		11ACA4D324E38BAD00BAA044 /* Build configuration list for PBXNativeTarget "JenkinsTest" */ = {
			isa = XCConfigurationList;
			buildConfigurations = (
				11ACA4D424E38BAD00BAA044 /* Debug */,
				11ACA4D524E38BAD00BAA044 /* Release */,
			);
			defaultConfigurationIsVisible = 0;
			defaultConfigurationName = Release;
		};
		11ACA4D624E38BAD00BAA044 /* Build configuration list for PBXNativeTarget "JenkinsTestTests" */ = {
			isa = XCConfigurationList;
			buildConfigurations = (
				11ACA4D724E38BAD00BAA044 /* Debug */,
				11ACA4D824E38BAD00BAA044 /* Release */,
			);
			defaultConfigurationIsVisible = 0;
			defaultConfigurationName = Release;
		};
		11ACA4D924E38BAD00BAA044 /* Build configuration list for PBXNativeTarget "JenkinsTestUITests" */ = {
			isa = XCConfigurationList;
			buildConfigurations = (
				11ACA4DA24E38BAD00BAA044 /* Debug */,
				11ACA4DB24E38BAD00BAA044 /* Release */,
			);
			defaultConfigurationIsVisible = 0;
			defaultConfigurationName = Release;
		};
/* End XCConfigurationList section */

/* Begin XCVersionGroup section */
		11ACA4B224E38BA700BAA044 /* JenkinsTest.xcdatamodeld */ = {
			isa = XCVersionGroup;
			children = (
				11ACA4B324E38BA700BAA044 /* JenkinsTest.xcdatamodel */,
			);
			currentVersion = 11ACA4B324E38BA700BAA044 /* JenkinsTest.xcdatamodel */;
			path = JenkinsTest.xcdatamodeld;
			sourceTree = "<group>";
			versionGroupType = wrapper.xcdatamodel;
		};
/* End XCVersionGroup section */
	};
	rootObject = 11ACA49E24E38BA700BAA044 /* Project object */;
}
